// !$*UTF8*$!
{
	archiveVersion = 1;
	classes = {
	};
	objectVersion = 46;
	objects = {

/* Begin PBXBuildFile section */
		1EEA9B441EA7BF0E001B04BC /* AppDelegate.swift in Sources */ = {isa = PBXBuildFile; fileRef = 1EEA9B431EA7BF0E001B04BC /* AppDelegate.swift */; };
		1EEA9B491EA7BF0E001B04BC /* Main.storyboard in Resources */ = {isa = PBXBuildFile; fileRef = 1EEA9B471EA7BF0E001B04BC /* Main.storyboard */; };
		1EEA9B4B1EA7BF0E001B04BC /* Assets.xcassets in Resources */ = {isa = PBXBuildFile; fileRef = 1EEA9B4A1EA7BF0E001B04BC /* Assets.xcassets */; };
		1EEA9B4E1EA7BF0E001B04BC /* LaunchScreen.storyboard in Resources */ = {isa = PBXBuildFile; fileRef = 1EEA9B4C1EA7BF0E001B04BC /* LaunchScreen.storyboard */; };
		1EEA9B561EA7BF97001B04BC /* QRScannerController.swift in Sources */ = {isa = PBXBuildFile; fileRef = 1EEA9B551EA7BF97001B04BC /* QRScannerController.swift */; };
/* End PBXBuildFile section */

/* Begin PBXFileReference section */
		1EEA9B401EA7BF0E001B04BC /* My QR Scanner.app */ = {isa = PBXFileReference; explicitFileType = wrapper.application; includeInIndex = 0; path = "My QR Scanner.app"; sourceTree = BUILT_PRODUCTS_DIR; };
		1EEA9B431EA7BF0E001B04BC /* AppDelegate.swift */ = {isa = PBXFileReference; lastKnownFileType = sourcecode.swift; path = AppDelegate.swift; sourceTree = "<group>"; };
		1EEA9B481EA7BF0E001B04BC /* Base */ = {isa = PBXFileReference; lastKnownFileType = file.storyboard; name = Base; path = Base.lproj/Main.storyboard; sourceTree = "<group>"; };
		1EEA9B4A1EA7BF0E001B04BC /* Assets.xcassets */ = {isa = PBXFileReference; lastKnownFileType = folder.assetcatalog; path = Assets.xcassets; sourceTree = "<group>"; };
		1EEA9B4D1EA7BF0E001B04BC /* Base */ = {isa = PBXFileReference; lastKnownFileType = file.storyboard; name = Base; path = Base.lproj/LaunchScreen.storyboard; sourceTree = "<group>"; };
		1EEA9B4F1EA7BF0E001B04BC /* Info.plist */ = {isa = PBXFileReference; lastKnownFileType = text.plist.xml; path = Info.plist; sourceTree = "<group>"; };
		1EEA9B551EA7BF97001B04BC /* QRScannerController.swift */ = {isa = PBXFileReference; fileEncoding = 4; lastKnownFileType = sourcecode.swift; path = QRScannerController.swift; sourceTree = "<group>"; };
/* End PBXFileReference section */

/* Begin PBXFrameworksBuildPhase section */
		1EEA9B3D1EA7BF0E001B04BC /* Frameworks */ = {
			isa = PBXFrameworksBuildPhase;
			buildActionMask = 2147483647;
			files = (
			);
			runOnlyForDeploymentPostprocessing = 0;
		};
/* End PBXFrameworksBuildPhase section */

/* Begin PBXGroup section */
		1EEA9B371EA7BF0E001B04BC = {
			isa = PBXGroup;
			children = (
				1EEA9B421EA7BF0E001B04BC /* My QR Scanner */,
				1EEA9B411EA7BF0E001B04BC /* Products */,
			);
			sourceTree = "<group>";
		};
		1EEA9B411EA7BF0E001B04BC /* Products */ = {
			isa = PBXGroup;
			children = (
				1EEA9B401EA7BF0E001B04BC /* My QR Scanner.app */,
			);
			name = Products;
			sourceTree = "<group>";
		};
		1EEA9B421EA7BF0E001B04BC /* My QR Scanner */ = {
			isa = PBXGroup;
			children = (
				1EEA9B431EA7BF0E001B04BC /* AppDelegate.swift */,
				1EEA9B471EA7BF0E001B04BC /* Main.storyboard */,
				1EEA9B551EA7BF97001B04BC /* QRScannerController.swift */,
				1EEA9B4A1EA7BF0E001B04BC /* Assets.xcassets */,
				1EEA9B4C1EA7BF0E001B04BC /* LaunchScreen.storyboard */,
				1EEA9B4F1EA7BF0E001B04BC /* Info.plist */,
			);
			path = "My QR Scanner";
			sourceTree = "<group>";
		};
/* End PBXGroup section */

/* Begin PBXNativeTarget section */
		1EEA9B3F1EA7BF0E001B04BC /* My QR Scanner */ = {
			isa = PBXNativeTarget;
			buildConfigurationList = 1EEA9B521EA7BF0E001B04BC /* Build configuration list for PBXNativeTarget "My QR Scanner" */;
			buildPhases = (
				1EEA9B3C1EA7BF0E001B04BC /* Sources */,
				1EEA9B3D1EA7BF0E001B04BC /* Frameworks */,
				1EEA9B3E1EA7BF0E001B04BC /* Resources */,
			);
			buildRules = (
			);
			dependencies = (
			);
			name = "My QR Scanner";
			productName = "My QR Scanner";
			productReference = 1EEA9B401EA7BF0E001B04BC /* My QR Scanner.app */;
			productType = "com.apple.product-type.application";
		};
/* End PBXNativeTarget section */

/* Begin PBXProject section */
		1EEA9B381EA7BF0E001B04BC /* Project object */ = {
			isa = PBXProject;
			attributes = {
				LastSwiftUpdateCheck = 0830;
				LastUpgradeCheck = 0830;
				ORGANIZATIONNAME = "Américo Cantillo Gutiérrez";
				TargetAttributes = {
					1EEA9B3F1EA7BF0E001B04BC = {
						CreatedOnToolsVersion = 8.3.1;
						DevelopmentTeam = DVSM299CEH;
						ProvisioningStyle = Automatic;
					};
				};
			};
			buildConfigurationList = 1EEA9B3B1EA7BF0E001B04BC /* Build configuration list for PBXProject "My QR Scanner" */;
			compatibilityVersion = "Xcode 3.2";
			developmentRegion = English;
			hasScannedForEncodings = 0;
			knownRegions = (
				en,
				Base,
			);
			mainGroup = 1EEA9B371EA7BF0E001B04BC;
			productRefGroup = 1EEA9B411EA7BF0E001B04BC /* Products */;
			projectDirPath = "";
			projectRoot = "";
			targets = (
				1EEA9B3F1EA7BF0E001B04BC /* My QR Scanner */,
			);
		};
/* End PBXProject section */

/* Begin PBXResourcesBuildPhase section */
		1EEA9B3E1EA7BF0E001B04BC /* Resources */ = {
			isa = PBXResourcesBuildPhase;
			buildActionMask = 2147483647;
			files = (
				1EEA9B4E1EA7BF0E001B04BC /* LaunchScreen.storyboard in Resources */,
				1EEA9B4B1EA7BF0E001B04BC /* Assets.xcassets in Resources */,
				1EEA9B491EA7BF0E001B04BC /* Main.storyboard in Resources */,
			);
			runOnlyForDeploymentPostprocessing = 0;
		};
/* End PBXResourcesBuildPhase section */

/* Begin PBXSourcesBuildPhase section */
		1EEA9B3C1EA7BF0E001B04BC /* Sources */ = {
			isa = PBXSourcesBuildPhase;
			buildActionMask = 2147483647;
			files = (
				1EEA9B441EA7BF0E001B04BC /* AppDelegate.swift in Sources */,
				1EEA9B561EA7BF97001B04BC /* QRScannerController.swift in Sources */,
			);
			runOnlyForDeploymentPostprocessing = 0;
		};
/* End PBXSourcesBuildPhase section */

/* Begin PBXVariantGroup section */
		1EEA9B471EA7BF0E001B04BC /* Main.storyboard */ = {
			isa = PBXVariantGroup;
			children = (
				1EEA9B481EA7BF0E001B04BC /* Base */,
			);
			name = Main.storyboard;
			sourceTree = "<group>";
		};
		1EEA9B4C1EA7BF0E001B04BC /* LaunchScreen.storyboard */ = {
			isa = PBXVariantGroup;
			children = (
				1EEA9B4D1EA7BF0E001B04BC /* Base */,
			);
			name = LaunchScreen.storyboard;
			sourceTree = "<group>";
		};
/* End PBXVariantGroup section */

/* Begin XCBuildConfiguration section */
		1EEA9B501EA7BF0E001B04BC /* Debug */ = {
			isa = XCBuildConfiguration;
			buildSettings = {
				ALWAYS_SEARCH_USER_PATHS = NO;
				CLANG_ANALYZER_NONNULL = YES;
				CLANG_ANALYZER_NUMBER_OBJECT_CONVERSION = YES_AGGRESSIVE;
				CLANG_CXX_LANGUAGE_STANDARD = "gnu++0x";
				CLANG_CXX_LIBRARY = "libc++";
				CLANG_ENABLE_MODULES = YES;
				CLANG_ENABLE_OBJC_ARC = YES;
				CLANG_WARN_BOOL_CONVERSION = YES;
				CLANG_WARN_CONSTANT_CONVERSION = YES;
				CLANG_WARN_DIRECT_OBJC_ISA_USAGE = YES_ERROR;
				CLANG_WARN_DOCUMENTATION_COMMENTS = YES;
				CLANG_WARN_EMPTY_BODY = YES;
				CLANG_WARN_ENUM_CONVERSION = YES;
				CLANG_WARN_INFINITE_RECURSION = YES;
				CLANG_WARN_INT_CONVERSION = YES;
				CLANG_WARN_OBJC_ROOT_CLASS = YES_ERROR;
				CLANG_WARN_SUSPICIOUS_MOVE = YES;
				CLANG_WARN_UNREACHABLE_CODE = YES;
				CLANG_WARN__DUPLICATE_METHOD_MATCH = YES;
				"CODE_SIGN_IDENTITY[sdk=iphoneos*]" = "iPhone Developer";
				COPY_PHASE_STRIP = NO;
				DEBUG_INFORMATION_FORMAT = dwarf;
				ENABLE_STRICT_OBJC_MSGSEND = YES;
				ENABLE_TESTABILITY = YES;
				GCC_C_LANGUAGE_STANDARD = gnu99;
				GCC_DYNAMIC_NO_PIC = NO;
				GCC_NO_COMMON_BLOCKS = YES;
				GCC_OPTIMIZATION_LEVEL = 0;
				GCC_PREPROCESSOR_DEFINITIONS = (
					"DEBUG=1",
					"$(inherited)",
				);
				GCC_WARN_64_TO_32_BIT_CONVERSION = YES;
				GCC_WARN_ABOUT_RETURN_TYPE = YES_ERROR;
				GCC_WARN_UNDECLARED_SELECTOR = YES;
				GCC_WARN_UNINITIALIZED_AUTOS = YES_AGGRESSIVE;
				GCC_WARN_UNUSED_FUNCTION = YES;
				GCC_WARN_UNUSED_VARIABLE = YES;
				IPHONEOS_DEPLOYMENT_TARGET = 10.3;
				MTL_ENABLE_DEBUG_INFO = YES;
				ONLY_ACTIVE_ARCH = YES;
				SDKROOT = iphoneos;
				SWIFT_ACTIVE_COMPILATION_CONDITIONS = DEBUG;
				SWIFT_OPTIMIZATION_LEVEL = "-Onone";
				TARGETED_DEVICE_FAMILY = "1,2";
			};
			name = Debug;
		};
		1EEA9B511EA7BF0E001B04BC /* Release */ = {
			isa = XCBuildConfiguration;
			buildSettings = {
				ALWAYS_SEARCH_USER_PATHS = NO;
				CLANG_ANALYZER_NONNULL = YES;
				CLANG_ANALYZER_NUMBER_OBJECT_CONVERSION = YES_AGGRESSIVE;
				CLANG_CXX_LANGUAGE_STANDARD = "gnu++0x";
				CLANG_CXX_LIBRARY = "libc++";
				CLANG_ENABLE_MODULES = YES;
				CLANG_ENABLE_OBJC_ARC = YES;
				CLANG_WARN_BOOL_CONVERSION = YES;
				CLANG_WARN_CONSTANT_CONVERSION = YES;
				CLANG_WARN_DIRECT_OBJC_ISA_USAGE = YES_ERROR;
				CLANG_WARN_DOCUMENTATION_COMMENTS = YES;
				CLANG_WARN_EMPTY_BODY = YES;
				CLANG_WARN_ENUM_CONVERSION = YES;
				CLANG_WARN_INFINITE_RECURSION = YES;
				CLANG_WARN_INT_CONVERSION = YES;
				CLANG_WARN_OBJC_ROOT_CLASS = YES_ERROR;
				CLANG_WARN_SUSPICIOUS_MOVE = YES;
				CLANG_WARN_UNREACHABLE_CODE = YES;
				CLANG_WARN__DUPLICATE_METHOD_MATCH = YES;
				"CODE_SIGN_IDENTITY[sdk=iphoneos*]" = "iPhone Developer";
				COPY_PHASE_STRIP = NO;
				DEBUG_INFORMATION_FORMAT = "dwarf-with-dsym";
				ENABLE_NS_ASSERTIONS = NO;
				ENABLE_STRICT_OBJC_MSGSEND = YES;
				GCC_C_LANGUAGE_STANDARD = gnu99;
				GCC_NO_COMMON_BLOCKS = YES;
				GCC_WARN_64_TO_32_BIT_CONVERSION = YES;
				GCC_WARN_ABOUT_RETURN_TYPE = YES_ERROR;
				GCC_WARN_UNDECLARED_SELECTOR = YES;
				GCC_WARN_UNINITIALIZED_AUTOS = YES_AGGRESSIVE;
				GCC_WARN_UNUSED_FUNCTION = YES;
				GCC_WARN_UNUSED_VARIABLE = YES;
				IPHONEOS_DEPLOYMENT_TARGET = 10.3;
				MTL_ENABLE_DEBUG_INFO = NO;
				SDKROOT = iphoneos;
				SWIFT_OPTIMIZATION_LEVEL = "-Owholemodule";
				TARGETED_DEVICE_FAMILY = "1,2";
				VALIDATE_PRODUCT = YES;
			};
			name = Release;
		};
		1EEA9B531EA7BF0E001B04BC /* Debug */ = {
			isa = XCBuildConfiguration;
			buildSettings = {
				ASSETCATALOG_COMPILER_APPICON_NAME = AppIcon;
				DEVELOPMENT_TEAM = DVSM299CEH;
				INFOPLIST_FILE = "My QR Scanner/Info.plist";
				LD_RUNPATH_SEARCH_PATHS = "$(inherited) @executable_path/Frameworks";
				PRODUCT_BUNDLE_IDENTIFIER = "com.jetainmemsoft.My-QR-Scanner";
				PRODUCT_NAME = "$(TARGET_NAME)";
				SWIFT_VERSION = 3.0;
			};
			name = Debug;
		};
		1EEA9B541EA7BF0E001B04BC /* Release */ = {
			isa = XCBuildConfiguration;
			buildSettings = {
				ASSETCATALOG_COMPILER_APPICON_NAME = AppIcon;
				DEVELOPMENT_TEAM = DVSM299CEH;
				INFOPLIST_FILE = "My QR Scanner/Info.plist";
				LD_RUNPATH_SEARCH_PATHS = "$(inherited) @executable_path/Frameworks";
				PRODUCT_BUNDLE_IDENTIFIER = "com.jetainmemsoft.My-QR-Scanner";
				PRODUCT_NAME = "$(TARGET_NAME)";
				SWIFT_VERSION = 3.0;
			};
			name = Release;
		};
/* End XCBuildConfiguration section */

/* Begin XCConfigurationList section */
		1EEA9B3B1EA7BF0E001B04BC /* Build configuration list for PBXProject "My QR Scanner" */ = {
			isa = XCConfigurationList;
			buildConfigurations = (
				1EEA9B501EA7BF0E001B04BC /* Debug */,
				1EEA9B511EA7BF0E001B04BC /* Release */,
			);
			defaultConfigurationIsVisible = 0;
			defaultConfigurationName = Release;
		};
		1EEA9B521EA7BF0E001B04BC /* Build configuration list for PBXNativeTarget "My QR Scanner" */ = {
			isa = XCConfigurationList;
			buildConfigurations = (
				1EEA9B531EA7BF0E001B04BC /* Debug */,
				1EEA9B541EA7BF0E001B04BC /* Release */,
			);
			defaultConfigurationIsVisible = 0;
		};
/* End XCConfigurationList section */
	};
	rootObject = 1EEA9B381EA7BF0E001B04BC /* Project object */;
}
